PODS:
  - Alamofire (4.8.1)
  - Swinject (2.5.0)

DEPENDENCIES:
  - Alamofire
  - Swinject

SPEC REPOS:
  https://github.com/cocoapods/specs.git:
    - Alamofire
    - Swinject

SPEC CHECKSUMS:
  Alamofire: 16ce2c353fb72865124ddae8a57c5942388f4f11
  Swinject: 82cdb851f63f91bba974e3eca1d69780f2f7677e

PODFILE CHECKSUM: 7271062481c3ab0662860f992ffed29f4e950f4a

COCOAPODS: 1.5.3
